
Microsoft Visual Studio Solution File, Format Version 12.00
# Visual Studio Version 17
VisualStudioVersion = 17.9.34622.214
MinimumVisualStudioVersion = 10.0.40219.1
Project("{9A19103F-16F7-4668-BE54-9A1E7A4F7556}") = "FTPManager", "FTPManager\FTPManager.csproj", "{B2DEC7C5-B668-4290-A799-E465265E4905}"
EndProject
Global
	GlobalSection(SolutionConfigurationPlatforms) = preSolution
		Debug|Any CPU = Debug|Any CPU
		Release|Any CPU = Release|Any CPU
	EndGlobalSection
	GlobalSection(ProjectConfigurationPlatforms) = postSolution
		{B2DEC7C5-B668-4290-A799-E465265E4905}.Debug|Any CPU.ActiveCfg = Debug|Any CPU
		{B2DEC7C5-B668-4290-A799-E465265E4905}.Debug|Any CPU.Build.0 = Debug|Any CPU
		{B2DEC7C5-B668-4290-A799-E465265E4905}.Release|Any CPU.ActiveCfg = Release|Any CPU
		{B2DEC7C5-B668-4290-A799-E465265E4905}.Release|Any CPU.Build.0 = Release|Any CPU
	EndGlobalSection
	GlobalSection(SolutionProperties) = preSolution
		HideSolutionNode = FALSE
	EndGlobalSection
	GlobalSection(ExtensibilityGlobals) = postSolution
		SolutionGuid = {FD619537-A143-4214-86C4-0048AEEFA576}
	EndGlobalSection
EndGlobal
